// !$*UTF8*$!
{
	archiveVersion = 1;
	classes = {
	};
	objectVersion = 48;
	objects = {

/* Begin PBXBuildFile section */
		222F312320210AEC00C6B000 /* AppDelegate.swift in Sources */ = {isa = PBXBuildFile; fileRef = 222F312220210AEC00C6B000 /* AppDelegate.swift */; };
		222F312520210AEC00C6B000 /* ViewController.swift in Sources */ = {isa = PBXBuildFile; fileRef = 222F312420210AEC00C6B000 /* ViewController.swift */; };
		222F312820210AEC00C6B000 /* Main.storyboard in Resources */ = {isa = PBXBuildFile; fileRef = 222F312620210AEC00C6B000 /* Main.storyboard */; };
		222F312A20210AEC00C6B000 /* Assets.xcassets in Resources */ = {isa = PBXBuildFile; fileRef = 222F312920210AEC00C6B000 /* Assets.xcassets */; };
		222F312D20210AEC00C6B000 /* LaunchScreen.storyboard in Resources */ = {isa = PBXBuildFile; fileRef = 222F312B20210AEC00C6B000 /* LaunchScreen.storyboard */; };
		222F313820210AEC00C6B000 /* TestTests.swift in Sources */ = {isa = PBXBuildFile; fileRef = 222F313720210AEC00C6B000 /* TestTests.swift */; };
		222F314320210AEC00C6B000 /* TestUITests.swift in Sources */ = {isa = PBXBuildFile; fileRef = 222F314220210AEC00C6B000 /* TestUITests.swift */; };
/* End PBXBuildFile section */

/* Begin PBXContainerItemProxy section */
		222F313420210AEC00C6B000 /* PBXContainerItemProxy */ = {
			isa = PBXContainerItemProxy;
			containerPortal = 222F311720210AEC00C6B000 /* Project object */;
			proxyType = 1;
			remoteGlobalIDString = 222F311E20210AEC00C6B000;
			remoteInfo = Test;
		};
		222F313F20210AEC00C6B000 /* PBXContainerItemProxy */ = {
			isa = PBXContainerItemProxy;
			containerPortal = 222F311720210AEC00C6B000 /* Project object */;
			proxyType = 1;
			remoteGlobalIDString = 222F311E20210AEC00C6B000;
			remoteInfo = Test;
		};
/* End PBXContainerItemProxy section */

/* Begin PBXFileReference section */
		222F311F20210AEC00C6B000 /* Test.app */ = {isa = PBXFileReference; explicitFileType = wrapper.application; includeInIndex = 0; path = Test.app; sourceTree = BUILT_PRODUCTS_DIR; };
		222F312220210AEC00C6B000 /* AppDelegate.swift */ = {isa = PBXFileReference; lastKnownFileType = sourcecode.swift; path = AppDelegate.swift; sourceTree = "<group>"; };
		222F312420210AEC00C6B000 /* ViewController.swift */ = {isa = PBXFileReference; lastKnownFileType = sourcecode.swift; path = ViewController.swift; sourceTree = "<group>"; };
		222F312720210AEC00C6B000 /* Base */ = {isa = PBXFileReference; lastKnownFileType = file.storyboard; name = Base; path = Base.lproj/Main.storyboard; sourceTree = "<group>"; };
		222F312920210AEC00C6B000 /* Assets.xcassets */ = {isa = PBXFileReference; lastKnownFileType = folder.assetcatalog; path = Assets.xcassets; sourceTree = "<group>"; };
		222F312C20210AEC00C6B000 /* Base */ = {isa = PBXFileReference; lastKnownFileType = file.storyboard; name = Base; path = Base.lproj/LaunchScreen.storyboard; sourceTree = "<group>"; };
		222F312E20210AEC00C6B000 /* Info.plist */ = {isa = PBXFileReference; lastKnownFileType = text.plist.xml; path = Info.plist; sourceTree = "<group>"; };
		222F313320210AEC00C6B000 /* TestTests.xctest */ = {isa = PBXFileReference; explicitFileType = wrapper.cfbundle; includeInIndex = 0; path = TestTests.xctest; sourceTree = BUILT_PRODUCTS_DIR; };
		222F313720210AEC00C6B000 /* TestTests.swift */ = {isa = PBXFileReference; lastKnownFileType = sourcecode.swift; path = TestTests.swift; sourceTree = "<group>"; };
		222F313920210AEC00C6B000 /* Info.plist */ = {isa = PBXFileReference; lastKnownFileType = text.plist.xml; path = Info.plist; sourceTree = "<group>"; };
		222F313E20210AEC00C6B000 /* TestUITests.xctest */ = {isa = PBXFileReference; explicitFileType = wrapper.cfbundle; includeInIndex = 0; path = TestUITests.xctest; sourceTree = BUILT_PRODUCTS_DIR; };
		222F314220210AEC00C6B000 /* TestUITests.swift */ = {isa = PBXFileReference; lastKnownFileType = sourcecode.swift; path = TestUITests.swift; sourceTree = "<group>"; };
		222F314420210AEC00C6B000 /* Info.plist */ = {isa = PBXFileReference; lastKnownFileType = text.plist.xml; path = Info.plist; sourceTree = "<group>"; };
/* End PBXFileReference section */

/* Begin PBXFrameworksBuildPhase section */
		222F311C20210AEC00C6B000 /* Frameworks */ = {
			isa = PBXFrameworksBuildPhase;
			buildActionMask = 2147483647;
			files = (
			);
			runOnlyForDeploymentPostprocessing = 0;
		};
		222F313020210AEC00C6B000 /* Frameworks */ = {
			isa = PBXFrameworksBuildPhase;
			buildActionMask = 2147483647;
			files = (
			);
			runOnlyForDeploymentPostprocessing = 0;
		};
		222F313B20210AEC00C6B000 /* Frameworks */ = {
			isa = PBXFrameworksBuildPhase;
			buildActionMask = 2147483647;
			files = (
			);
			runOnlyForDeploymentPostprocessing = 0;
		};
/* End PBXFrameworksBuildPhase section */

/* Begin PBXGroup section */
		222F311620210AEC00C6B000 = {
			isa = PBXGroup;
			children = (
				222F312120210AEC00C6B000 /* Test */,
				222F313620210AEC00C6B000 /* TestTests */,
				222F314120210AEC00C6B000 /* TestUITests */,
				222F312020210AEC00C6B000 /* Products */,
			);
			sourceTree = "<group>";
		};
		222F312020210AEC00C6B000 /* Products */ = {
			isa = PBXGroup;
			children = (
				222F311F20210AEC00C6B000 /* Test.app */,
				222F313320210AEC00C6B000 /* TestTests.xctest */,
				222F313E20210AEC00C6B000 /* TestUITests.xctest */,
			);
			name = Products;
			sourceTree = "<group>";
		};
		222F312120210AEC00C6B000 /* Test */ = {
			isa = PBXGroup;
			children = (
				222F312220210AEC00C6B000 /* AppDelegate.swift */,
				222F312420210AEC00C6B000 /* ViewController.swift */,
				222F312620210AEC00C6B000 /* Main.storyboard */,
				222F312920210AEC00C6B000 /* Assets.xcassets */,
				222F312B20210AEC00C6B000 /* LaunchScreen.storyboard */,
				222F312E20210AEC00C6B000 /* Info.plist */,
			);
			path = Test;
			sourceTree = "<group>";
		};
		222F313620210AEC00C6B000 /* TestTests */ = {
			isa = PBXGroup;
			children = (
				222F313720210AEC00C6B000 /* TestTests.swift */,
				222F313920210AEC00C6B000 /* Info.plist */,
			);
			path = TestTests;
			sourceTree = "<group>";
		};
		222F314120210AEC00C6B000 /* TestUITests */ = {
			isa = PBXGroup;
			children = (
				222F314220210AEC00C6B000 /* TestUITests.swift */,
				222F314420210AEC00C6B000 /* Info.plist */,
			);
			path = TestUITests;
			sourceTree = "<group>";
		};
/* End PBXGroup section */

/* Begin PBXNativeTarget section */
		222F311E20210AEC00C6B000 /* Test */ = {
			isa = PBXNativeTarget;
			buildConfigurationList = 222F314720210AEC00C6B000 /* Build configuration list for PBXNativeTarget "Test" */;
			buildPhases = (
				222F311B20210AEC00C6B000 /* Sources */,
				222F311C20210AEC00C6B000 /* Frameworks */,
				222F311D20210AEC00C6B000 /* Resources */,
			);
			buildRules = (
			);
			dependencies = (
			);
			name = Test;
			productName = Test;
			productReference = 222F311F20210AEC00C6B000 /* Test.app */;
			productType = "com.apple.product-type.application";
		};
		222F313220210AEC00C6B000 /* TestTests */ = {
			isa = PBXNativeTarget;
			buildConfigurationList = 222F314A20210AEC00C6B000 /* Build configuration list for PBXNativeTarget "TestTests" */;
			buildPhases = (
				222F312F20210AEC00C6B000 /* Sources */,
				222F313020210AEC00C6B000 /* Frameworks */,
				222F313120210AEC00C6B000 /* Resources */,
			);
			buildRules = (
			);
			dependencies = (
				222F313520210AEC00C6B000 /* PBXTargetDependency */,
			);
			name = TestTests;
			productName = TestTests;
			productReference = 222F313320210AEC00C6B000 /* TestTests.xctest */;
			productType = "com.apple.product-type.bundle.unit-test";
		};
		222F313D20210AEC00C6B000 /* TestUITests */ = {
			isa = PBXNativeTarget;
			buildConfigurationList = 222F314D20210AEC00C6B000 /* Build configuration list for PBXNativeTarget "TestUITests" */;
			buildPhases = (
				222F313A20210AEC00C6B000 /* Sources */,
				222F313B20210AEC00C6B000 /* Frameworks */,
				222F313C20210AEC00C6B000 /* Resources */,
			);
			buildRules = (
			);
			dependencies = (
				222F314020210AEC00C6B000 /* PBXTargetDependency */,
			);
			name = TestUITests;
			productName = TestUITests;
			productReference = 222F313E20210AEC00C6B000 /* TestUITests.xctest */;
			productType = "com.apple.product-type.bundle.ui-testing";
		};
/* End PBXNativeTarget section */

/* Begin PBXProject section */
		222F311720210AEC00C6B000 /* Project object */ = {
			isa = PBXProject;
			attributes = {
				LastSwiftUpdateCheck = 0920;
				LastUpgradeCheck = 0920;
				ORGANIZATIONNAME = Sam;
				TargetAttributes = {
					222F311E20210AEC00C6B000 = {
						CreatedOnToolsVersion = 9.2;
						ProvisioningStyle = Automatic;
					};
					222F313220210AEC00C6B000 = {
						CreatedOnToolsVersion = 9.2;
						ProvisioningStyle = Automatic;
						TestTargetID = 222F311E20210AEC00C6B000;
					};
					222F313D20210AEC00C6B000 = {
						CreatedOnToolsVersion = 9.2;
						ProvisioningStyle = Automatic;
						TestTargetID = 222F311E20210AEC00C6B000;
					};
				};
			};
			buildConfigurationList = 222F311A20210AEC00C6B000 /* Build configuration list for PBXProject "Test" */;
			compatibilityVersion = "Xcode 8.0";
			developmentRegion = en;
			hasScannedForEncodings = 0;
			knownRegions = (
				en,
				Base,
			);
			mainGroup = 222F311620210AEC00C6B000;
			productRefGroup = 222F312020210AEC00C6B000 /* Products */;
			projectDirPath = "";
			projectRoot = "";
			targets = (
				222F311E20210AEC00C6B000 /* Test */,
				222F313220210AEC00C6B000 /* TestTests */,
				222F313D20210AEC00C6B000 /* TestUITests */,
			);
		};
/* End PBXProject section */

/* Begin PBXResourcesBuildPhase section */
		222F311D20210AEC00C6B000 /* Resources */ = {
			isa = PBXResourcesBuildPhase;
			buildActionMask = 2147483647;
			files = (
				222F312D20210AEC00C6B000 /* LaunchScreen.storyboard in Resources */,
				222F312A20210AEC00C6B000 /* Assets.xcassets in Resources */,
				222F312820210AEC00C6B000 /* Main.storyboard in Resources */,
			);
			runOnlyForDeploymentPostprocessing = 0;
		};
		222F313120210AEC00C6B000 /* Resources */ = {
			isa = PBXResourcesBuildPhase;
			buildActionMask = 2147483647;
			files = (
			);
			runOnlyForDeploymentPostprocessing = 0;
		};
		222F313C20210AEC00C6B000 /* Resources */ = {
			isa = PBXResourcesBuildPhase;
			buildActionMask = 2147483647;
			files = (
			);
			runOnlyForDeploymentPostprocessing = 0;
		};
/* End PBXResourcesBuildPhase section */

/* Begin PBXSourcesBuildPhase section */
		222F311B20210AEC00C6B000 /* Sources */ = {
			isa = PBXSourcesBuildPhase;
			buildActionMask = 2147483647;
			files = (
				222F312520210AEC00C6B000 /* ViewController.swift in Sources */,
				222F312320210AEC00C6B000 /* AppDelegate.swift in Sources */,
			);
			runOnlyForDeploymentPostprocessing = 0;
		};
		222F312F20210AEC00C6B000 /* Sources */ = {
			isa = PBXSourcesBuildPhase;
			buildActionMask = 2147483647;
			files = (
				222F313820210AEC00C6B000 /* TestTests.swift in Sources */,
			);
			runOnlyForDeploymentPostprocessing = 0;
		};
		222F313A20210AEC00C6B000 /* Sources */ = {
			isa = PBXSourcesBuildPhase;
			buildActionMask = 2147483647;
			files = (
				222F314320210AEC00C6B000 /* TestUITests.swift in Sources */,
			);
			runOnlyForDeploymentPostprocessing = 0;
		};
/* End PBXSourcesBuildPhase section */

/* Begin PBXTargetDependency section */
		222F313520210AEC00C6B000 /* PBXTargetDependency */ = {
			isa = PBXTargetDependency;
			target = 222F311E20210AEC00C6B000 /* Test */;
			targetProxy = 222F313420210AEC00C6B000 /* PBXContainerItemProxy */;
		};
		222F314020210AEC00C6B000 /* PBXTargetDependency */ = {
			isa = PBXTargetDependency;
			target = 222F311E20210AEC00C6B000 /* Test */;
			targetProxy = 222F313F20210AEC00C6B000 /* PBXContainerItemProxy */;
		};
/* End PBXTargetDependency section */

/* Begin PBXVariantGroup section */
		222F312620210AEC00C6B000 /* Main.storyboard */ = {
			isa = PBXVariantGroup;
			children = (
				222F312720210AEC00C6B000 /* Base */,
			);
			name = Main.storyboard;
			sourceTree = "<group>";
		};
		222F312B20210AEC00C6B000 /* LaunchScreen.storyboard */ = {
			isa = PBXVariantGroup;
			children = (
				222F312C20210AEC00C6B000 /* Base */,
			);
			name = LaunchScreen.storyboard;
			sourceTree = "<group>";
		};
/* End PBXVariantGroup section */

/* Begin XCBuildConfiguration section */
		222F314520210AEC00C6B000 /* Debug */ = {
			isa = XCBuildConfiguration;
			buildSettings = {
				ALWAYS_SEARCH_USER_PATHS = NO;
				CLANG_ANALYZER_NONNULL = YES;
				CLANG_ANALYZER_NUMBER_OBJECT_CONVERSION = YES_AGGRESSIVE;
				CLANG_CXX_LANGUAGE_STANDARD = "gnu++14";
				CLANG_CXX_LIBRARY = "libc++";
				CLANG_ENABLE_MODULES = YES;
				CLANG_ENABLE_OBJC_ARC = YES;
				CLANG_WARN_BLOCK_CAPTURE_AUTORELEASING = YES;
				CLANG_WARN_BOOL_CONVERSION = YES;
				CLANG_WARN_COMMA = YES;
				CLANG_WARN_CONSTANT_CONVERSION = YES;
				CLANG_WARN_DIRECT_OBJC_ISA_USAGE = YES_ERROR;
				CLANG_WARN_DOCUMENTATION_COMMENTS = YES;
				CLANG_WARN_EMPTY_BODY = YES;
				CLANG_WARN_ENUM_CONVERSION = YES;
				CLANG_WARN_INFINITE_RECURSION = YES;
				CLANG_WARN_INT_CONVERSION = YES;
				CLANG_WARN_NON_LITERAL_NULL_CONVERSION = YES;
				CLANG_WARN_OBJC_LITERAL_CONVERSION = YES;
				CLANG_WARN_OBJC_ROOT_CLASS = YES_ERROR;
				CLANG_WARN_RANGE_LOOP_ANALYSIS = YES;
				CLANG_WARN_STRICT_PROTOTYPES = YES;
				CLANG_WARN_SUSPICIOUS_MOVE = YES;
				CLANG_WARN_UNGUARDED_AVAILABILITY = YES_AGGRESSIVE;
				CLANG_WARN_UNREACHABLE_CODE = YES;
				CLANG_WARN__DUPLICATE_METHOD_MATCH = YES;
				CODE_SIGN_IDENTITY = "iPhone Developer";
				COPY_PHASE_STRIP = NO;
				DEBUG_INFORMATION_FORMAT = dwarf;
				ENABLE_STRICT_OBJC_MSGSEND = YES;
				ENABLE_TESTABILITY = YES;
				GCC_C_LANGUAGE_STANDARD = gnu11;
				GCC_DYNAMIC_NO_PIC = NO;
				GCC_NO_COMMON_BLOCKS = YES;
				GCC_OPTIMIZATION_LEVEL = 0;
				GCC_PREPROCESSOR_DEFINITIONS = (
					"DEBUG=1",
					"$(inherited)",
				);
				GCC_WARN_64_TO_32_BIT_CONVERSION = YES;
				GCC_WARN_ABOUT_RETURN_TYPE = YES_ERROR;
				GCC_WARN_UNDECLARED_SELECTOR = YES;
				GCC_WARN_UNINITIALIZED_AUTOS = YES_AGGRESSIVE;
				GCC_WARN_UNUSED_FUNCTION = YES;
				GCC_WARN_UNUSED_VARIABLE = YES;
				IPHONEOS_DEPLOYMENT_TARGET = 11.2;
				MTL_ENABLE_DEBUG_INFO = YES;
				ONLY_ACTIVE_ARCH = YES;
				SDKROOT = iphoneos;
				SWIFT_ACTIVE_COMPILATION_CONDITIONS = DEBUG;
				SWIFT_OPTIMIZATION_LEVEL = "-Onone";
			};
			name = Debug;
		};
		222F314620210AEC00C6B000 /* Release */ = {
			isa = XCBuildConfiguration;
			buildSettings = {
				ALWAYS_SEARCH_USER_PATHS = NO;
				CLANG_ANALYZER_NONNULL = YES;
				CLANG_ANALYZER_NUMBER_OBJECT_CONVERSION = YES_AGGRESSIVE;
				CLANG_CXX_LANGUAGE_STANDARD = "gnu++14";
				CLANG_CXX_LIBRARY = "libc++";
				CLANG_ENABLE_MODULES = YES;
				CLANG_ENABLE_OBJC_ARC = YES;
				CLANG_WARN_BLOCK_CAPTURE_AUTORELEASING = YES;
				CLANG_WARN_BOOL_CONVERSION = YES;
				CLANG_WARN_COMMA = YES;
				CLANG_WARN_CONSTANT_CONVERSION = YES;
				CLANG_WARN_DIRECT_OBJC_ISA_USAGE = YES_ERROR;
				CLANG_WARN_DOCUMENTATION_COMMENTS = YES;
				CLANG_WARN_EMPTY_BODY = YES;
				CLANG_WARN_ENUM_CONVERSION = YES;
				CLANG_WARN_INFINITE_RECURSION = YES;
				CLANG_WARN_INT_CONVERSION = YES;
				CLANG_WARN_NON_LITERAL_NULL_CONVERSION = YES;
				CLANG_WARN_OBJC_LITERAL_CONVERSION = YES;
				CLANG_WARN_OBJC_ROOT_CLASS = YES_ERROR;
				CLANG_WARN_RANGE_LOOP_ANALYSIS = YES;
				CLANG_WARN_STRICT_PROTOTYPES = YES;
				CLANG_WARN_SUSPICIOUS_MOVE = YES;
				CLANG_WARN_UNGUARDED_AVAILABILITY = YES_AGGRESSIVE;
				CLANG_WARN_UNREACHABLE_CODE = YES;
				CLANG_WARN__DUPLICATE_METHOD_MATCH = YES;
				CODE_SIGN_IDENTITY = "iPhone Developer";
				COPY_PHASE_STRIP = NO;
				DEBUG_INFORMATION_FORMAT = "dwarf-with-dsym";
				ENABLE_NS_ASSERTIONS = NO;
				ENABLE_STRICT_OBJC_MSGSEND = YES;
				GCC_C_LANGUAGE_STANDARD = gnu11;
				GCC_NO_COMMON_BLOCKS = YES;
				GCC_WARN_64_TO_32_BIT_CONVERSION = YES;
				GCC_WARN_ABOUT_RETURN_TYPE = YES_ERROR;
				GCC_WARN_UNDECLARED_SELECTOR = YES;
				GCC_WARN_UNINITIALIZED_AUTOS = YES_AGGRESSIVE;
				GCC_WARN_UNUSED_FUNCTION = YES;
				GCC_WARN_UNUSED_VARIABLE = YES;
				IPHONEOS_DEPLOYMENT_TARGET = 11.2;
				MTL_ENABLE_DEBUG_INFO = NO;
				SDKROOT = iphoneos;
				SWIFT_OPTIMIZATION_LEVEL = "-Owholemodule";
				VALIDATE_PRODUCT = YES;
			};
			name = Release;
		};
		222F314820210AEC00C6B000 /* Debug */ = {
			isa = XCBuildConfiguration;
			buildSettings = {
				ASSETCATALOG_COMPILER_APPICON_NAME = AppIcon;
				CODE_SIGN_STYLE = Automatic;
				DEVELOPMENT_TEAM = 2GK5GPF253;
				INFOPLIST_FILE = Test/Info.plist;
				LD_RUNPATH_SEARCH_PATHS = "$(inherited) @executable_path/Frameworks";
				PRODUCT_BUNDLE_IDENTIFIER = Litt.Test;
				PRODUCT_NAME = "$(TARGET_NAME)";
				SWIFT_VERSION = 4.0;
				TARGETED_DEVICE_FAMILY = "1,2";
			};
			name = Debug;
		};
		222F314920210AEC00C6B000 /* Release */ = {
			isa = XCBuildConfiguration;
			buildSettings = {
				ASSETCATALOG_COMPILER_APPICON_NAME = AppIcon;
				CODE_SIGN_STYLE = Automatic;
				DEVELOPMENT_TEAM = 2GK5GPF253;
				INFOPLIST_FILE = Test/Info.plist;
				LD_RUNPATH_SEARCH_PATHS = "$(inherited) @executable_path/Frameworks";
				PRODUCT_BUNDLE_IDENTIFIER = Litt.Test;
				PRODUCT_NAME = "$(TARGET_NAME)";
				SWIFT_VERSION = 4.0;
				TARGETED_DEVICE_FAMILY = "1,2";
			};
			name = Release;
		};
		222F314B20210AEC00C6B000 /* Debug */ = {
			isa = XCBuildConfiguration;
			buildSettings = {
				ALWAYS_EMBED_SWIFT_STANDARD_LIBRARIES = YES;
				BUNDLE_LOADER = "$(TEST_HOST)";
				CODE_SIGN_STYLE = Automatic;
				DEVELOPMENT_TEAM = 2GK5GPF253;
				INFOPLIST_FILE = TestTests/Info.plist;
				LD_RUNPATH_SEARCH_PATHS = "$(inherited) @executable_path/Frameworks @loader_path/Frameworks";
				PRODUCT_BUNDLE_IDENTIFIER = Litt.TestTests;
				PRODUCT_NAME = "$(TARGET_NAME)";
				SWIFT_VERSION = 4.0;
				TARGETED_DEVICE_FAMILY = "1,2";
				TEST_HOST = "$(BUILT_PRODUCTS_DIR)/Test.app/Test";
			};
			name = Debug;
		};
		222F314C20210AEC00C6B000 /* Release */ = {
			isa = XCBuildConfiguration;
			buildSettings = {
				ALWAYS_EMBED_SWIFT_STANDARD_LIBRARIES = YES;
				BUNDLE_LOADER = "$(TEST_HOST)";
				CODE_SIGN_STYLE = Automatic;
				DEVELOPMENT_TEAM = 2GK5GPF253;
				INFOPLIST_FILE = TestTests/Info.plist;
				LD_RUNPATH_SEARCH_PATHS = "$(inherited) @executable_path/Frameworks @loader_path/Frameworks";
				PRODUCT_BUNDLE_IDENTIFIER = Litt.TestTests;
				PRODUCT_NAME = "$(TARGET_NAME)";
				SWIFT_VERSION = 4.0;
				TARGETED_DEVICE_FAMILY = "1,2";
				TEST_HOST = "$(BUILT_PRODUCTS_DIR)/Test.app/Test";
			};
			name = Release;
		};
		222F314E20210AEC00C6B000 /* Debug */ = {
			isa = XCBuildConfiguration;
			buildSettings = {
				ALWAYS_EMBED_SWIFT_STANDARD_LIBRARIES = YES;
				CODE_SIGN_STYLE = Automatic;
				DEVELOPMENT_TEAM = 2GK5GPF253;
				INFOPLIST_FILE = TestUITests/Info.plist;
				LD_RUNPATH_SEARCH_PATHS = "$(inherited) @executable_path/Frameworks @loader_path/Frameworks";
				PRODUCT_BUNDLE_IDENTIFIER = Litt.TestUITests;
				PRODUCT_NAME = "$(TARGET_NAME)";
				SWIFT_VERSION = 4.0;
				TARGETED_DEVICE_FAMILY = "1,2";
				TEST_TARGET_NAME = Test;
			};
			name = Debug;
		};
		222F314F20210AEC00C6B000 /* Release */ = {
			isa = XCBuildConfiguration;
			buildSettings = {
				ALWAYS_EMBED_SWIFT_STANDARD_LIBRARIES = YES;
				CODE_SIGN_STYLE = Automatic;
				DEVELOPMENT_TEAM = 2GK5GPF253;
				INFOPLIST_FILE = TestUITests/Info.plist;
				LD_RUNPATH_SEARCH_PATHS = "$(inherited) @executable_path/Frameworks @loader_path/Frameworks";
				PRODUCT_BUNDLE_IDENTIFIER = Litt.TestUITests;
				PRODUCT_NAME = "$(TARGET_NAME)";
				SWIFT_VERSION = 4.0;
				TARGETED_DEVICE_FAMILY = "1,2";
				TEST_TARGET_NAME = Test;
			};
			name = Release;
		};
/* End XCBuildConfiguration section */

/* Begin XCConfigurationList section */
		222F311A20210AEC00C6B000 /* Build configuration list for PBXProject "Test" */ = {
			isa = XCConfigurationList;
			buildConfigurations = (
				222F314520210AEC00C6B000 /* Debug */,
				222F314620210AEC00C6B000 /* Release */,
			);
			defaultConfigurationIsVisible = 0;
			defaultConfigurationName = Release;
		};
		222F314720210AEC00C6B000 /* Build configuration list for PBXNativeTarget "Test" */ = {
			isa = XCConfigurationList;
			buildConfigurations = (
				222F314820210AEC00C6B000 /* Debug */,
				222F314920210AEC00C6B000 /* Release */,
			);
			defaultConfigurationIsVisible = 0;
			defaultConfigurationName = Release;
		};
		222F314A20210AEC00C6B000 /* Build configuration list for PBXNativeTarget "TestTests" */ = {
			isa = XCConfigurationList;
			buildConfigurations = (
				222F314B20210AEC00C6B000 /* Debug */,
				222F314C20210AEC00C6B000 /* Release */,
			);
			defaultConfigurationIsVisible = 0;
			defaultConfigurationName = Release;
		};
		222F314D20210AEC00C6B000 /* Build configuration list for PBXNativeTarget "TestUITests" */ = {
			isa = XCConfigurationList;
			buildConfigurations = (
				222F314E20210AEC00C6B000 /* Debug */,
				222F314F20210AEC00C6B000 /* Release */,
			);
			defaultConfigurationIsVisible = 0;
			defaultConfigurationName = Release;
		};
/* End XCConfigurationList section */
	};
	rootObject = 222F311720210AEC00C6B000 /* Project object */;
}
