PODS:
  - Alamofire (4.6.0)
  - Arrow (4.0.0)
  - Dwifft (0.8)
  - PromiseKit (4.5.2):
    - PromiseKit/Foundation (= 4.5.2)
    - PromiseKit/QuartzCore (= 4.5.2)
    - PromiseKit/UIKit (= 4.5.2)
  - PromiseKit/CorePromise (4.5.2)
  - PromiseKit/Foundation (4.5.2):
    - PromiseKit/CorePromise
  - PromiseKit/QuartzCore (4.5.2):
    - PromiseKit/CorePromise
  - PromiseKit/UIKit (4.5.2):
    - PromiseKit/CorePromise
  - SnapKit (4.0.0)

DEPENDENCIES:
  - Alamofire
  - Arrow
  - Dwifft
  - PromiseKit
  - SnapKit

SPEC CHECKSUMS:
  Alamofire: f41a599bd63041760b26d393ec1069d9d7b917f4
  Arrow: cc300fcca7dc409e0d47c27df1be7c0bcc909f9f
  Dwifft: 463e61d07322fdf83b32ee6975ca1b20708db746
  PromiseKit: 743e497a5f505a470d3bbbf4ce0663c1268af0a4
  SnapKit: a42d492c16e80209130a3379f73596c3454b7694

PODFILE CHECKSUM: 11d2904139b859234574c5526dcade314f5d9f2a

COCOAPODS: 1.4.0
